
Microsoft Visual Studio Solution File, Format Version 12.00
# Visual Studio Version 17
VisualStudioVersion = 17.4.33103.184
MinimumVisualStudioVersion = 10.0.40219.1
Project("{2150E333-8FDC-42A3-9474-1A3956D46DE8}") = "Web.Maple.MapleClient", "Web.Maple.MapleClient", "{67A01185-F6CC-496A-813C-E1E7C73AA7E2}"
EndProject
Project("{2150E333-8FDC-42A3-9474-1A3956D46DE8}") = "Web.Maple.MapleServer", "Web.Maple.MapleServer", "{F836AD65-6FA9-487B-9DFA-F88E58C09A87}"
EndProject
Project("{2150E333-8FDC-42A3-9474-1A3956D46DE8}") = "Driver", "Driver", "{FF9309D7-BA3D-4BC0-A487-3D20AA566838}"
EndProject
Project("{2150E333-8FDC-42A3-9474-1A3956D46DE8}") = "Sample", "Sample", "{27484BCD-7E08-4554-BDC5-8FF1331346C9}"
EndProject
Project("{2150E333-8FDC-42A3-9474-1A3956D46DE8}") = "Driver", "Driver", "{A9F48762-387E-4D1D-A610-A147FEE8F709}"
EndProject
Project("{2150E333-8FDC-42A3-9474-1A3956D46DE8}") = "Samples", "Samples", "{6409E93C-888B-40D9-BFC3-A2AA8E9330B5}"
EndProject
Project("{2150E333-8FDC-42A3-9474-1A3956D46DE8}") = "Tests", "Tests", "{D15389D9-AD11-4877-B130-9EDD0C5D2790}"
EndProject
Project("{2150E333-8FDC-42A3-9474-1A3956D46DE8}") = "Utilities", "Utilities", "{07308F3E-7D78-4E19-A98B-CC1EDB6E8644}"
EndProject
Project("{9A19103F-16F7-4668-BE54-9A1E7A4F7556}") = "Web.Maple.MapleClient", "Web.Maple.MapleClient\Driver\Web.Maple.MapleClient.csproj", "{D8D1DD36-685D-4B55-9D91-0B65D07FA04E}"
EndProject
Project("{9A19103F-16F7-4668-BE54-9A1E7A4F7556}") = "MapleClient_Sample", "Web.Maple.MapleClient\Sample\MapleClient_Sample\MapleClient_Sample.csproj", "{4BCEE20A-9B50-4071-878D-B964CD8523DB}"
EndProject
Project("{9A19103F-16F7-4668-BE54-9A1E7A4F7556}") = "Web.Maple.MapleServer", "Web.Maple.MapleServer\Driver\Web.Maple.MapleServer.csproj", "{C9E324F7-9757-4F96-8079-52072A322805}"
EndProject
Project("{9A19103F-16F7-4668-BE54-9A1E7A4F7556}") = "ServerConsole_Sample", "Web.Maple.MapleServer\Samples\ServerConsole_Sample\ServerConsole_Sample.csproj", "{4D68707E-6AB5-4716-86B8-3A1AF3893562}"
EndProject
Project("{9A19103F-16F7-4668-BE54-9A1E7A4F7556}") = "ServerSimpleMeadow_Sample", "Web.Maple.MapleServer\Samples\ServerSimpleMeadow_Sample\ServerSimpleMeadow_Sample.csproj", "{29C0635C-EF7C-46CE-A318-69A2C5C4A5E6}"
EndProject
Project("{9A19103F-16F7-4668-BE54-9A1E7A4F7556}") = "Maple.Unit.Tests", "Web.Maple.MapleServer\Tests\Maple.Unit.Tests\Maple.Unit.Tests.csproj", "{3DB04B8A-7FF4-42A1-8140-29E6BAB70A44}"
EndProject
Project("{9A19103F-16F7-4668-BE54-9A1E7A4F7556}") = "Maple.Server_UDP_Listener_Sample", "Web.Maple.MapleServer\Utilities\Maple.Server_UDP_Listener_Sample\Maple.Server_UDP_Listener_Sample.csproj", "{4212371D-B79B-4961-A868-BD8A95351449}"
EndProject
Global
	GlobalSection(SolutionConfigurationPlatforms) = preSolution
		Debug|Any CPU = Debug|Any CPU
		Release|Any CPU = Release|Any CPU
	EndGlobalSection
	GlobalSection(ProjectConfigurationPlatforms) = postSolution
		{D8D1DD36-685D-4B55-9D91-0B65D07FA04E}.Debug|Any CPU.ActiveCfg = Debug|Any CPU
		{D8D1DD36-685D-4B55-9D91-0B65D07FA04E}.Debug|Any CPU.Build.0 = Debug|Any CPU
		{D8D1DD36-685D-4B55-9D91-0B65D07FA04E}.Release|Any CPU.ActiveCfg = Release|Any CPU
		{D8D1DD36-685D-4B55-9D91-0B65D07FA04E}.Release|Any CPU.Build.0 = Release|Any CPU
		{4BCEE20A-9B50-4071-878D-B964CD8523DB}.Debug|Any CPU.ActiveCfg = Debug|Any CPU
		{4BCEE20A-9B50-4071-878D-B964CD8523DB}.Debug|Any CPU.Build.0 = Debug|Any CPU
		{4BCEE20A-9B50-4071-878D-B964CD8523DB}.Release|Any CPU.ActiveCfg = Release|Any CPU
		{4BCEE20A-9B50-4071-878D-B964CD8523DB}.Release|Any CPU.Build.0 = Release|Any CPU
		{C9E324F7-9757-4F96-8079-52072A322805}.Debug|Any CPU.ActiveCfg = Debug|Any CPU
		{C9E324F7-9757-4F96-8079-52072A322805}.Debug|Any CPU.Build.0 = Debug|Any CPU
		{C9E324F7-9757-4F96-8079-52072A322805}.Release|Any CPU.ActiveCfg = Release|Any CPU
		{C9E324F7-9757-4F96-8079-52072A322805}.Release|Any CPU.Build.0 = Release|Any CPU
		{C9E324F7-9757-4F96-8079-52072A322805}.Release|Any CPU.Deploy.0 = Release|Any CPU
		{4D68707E-6AB5-4716-86B8-3A1AF3893562}.Debug|Any CPU.ActiveCfg = Debug|Any CPU
		{4D68707E-6AB5-4716-86B8-3A1AF3893562}.Debug|Any CPU.Build.0 = Debug|Any CPU
		{4D68707E-6AB5-4716-86B8-3A1AF3893562}.Release|Any CPU.ActiveCfg = Release|Any CPU
		{4D68707E-6AB5-4716-86B8-3A1AF3893562}.Release|Any CPU.Build.0 = Release|Any CPU
		{29C0635C-EF7C-46CE-A318-69A2C5C4A5E6}.Debug|Any CPU.ActiveCfg = Debug|Any CPU
		{29C0635C-EF7C-46CE-A318-69A2C5C4A5E6}.Debug|Any CPU.Build.0 = Debug|Any CPU
		{29C0635C-EF7C-46CE-A318-69A2C5C4A5E6}.Release|Any CPU.ActiveCfg = Release|Any CPU
		{29C0635C-EF7C-46CE-A318-69A2C5C4A5E6}.Release|Any CPU.Build.0 = Release|Any CPU
		{29C0635C-EF7C-46CE-A318-69A2C5C4A5E6}.Release|Any CPU.Deploy.0 = Release|Any CPU
		{3DB04B8A-7FF4-42A1-8140-29E6BAB70A44}.Debug|Any CPU.ActiveCfg = Debug|Any CPU
		{3DB04B8A-7FF4-42A1-8140-29E6BAB70A44}.Debug|Any CPU.Build.0 = Debug|Any CPU
		{3DB04B8A-7FF4-42A1-8140-29E6BAB70A44}.Release|Any CPU.ActiveCfg = Release|Any CPU
		{3DB04B8A-7FF4-42A1-8140-29E6BAB70A44}.Release|Any CPU.Build.0 = Release|Any CPU
		{4212371D-B79B-4961-A868-BD8A95351449}.Debug|Any CPU.ActiveCfg = Debug|Any CPU
		{4212371D-B79B-4961-A868-BD8A95351449}.Debug|Any CPU.Build.0 = Debug|Any CPU
		{4212371D-B79B-4961-A868-BD8A95351449}.Release|Any CPU.ActiveCfg = Release|Any CPU
		{4212371D-B79B-4961-A868-BD8A95351449}.Release|Any CPU.Build.0 = Release|Any CPU
	EndGlobalSection
	GlobalSection(SolutionProperties) = preSolution
		HideSolutionNode = FALSE
	EndGlobalSection
	GlobalSection(NestedProjects) = preSolution
		{FF9309D7-BA3D-4BC0-A487-3D20AA566838} = {67A01185-F6CC-496A-813C-E1E7C73AA7E2}
		{27484BCD-7E08-4554-BDC5-8FF1331346C9} = {67A01185-F6CC-496A-813C-E1E7C73AA7E2}
		{A9F48762-387E-4D1D-A610-A147FEE8F709} = {F836AD65-6FA9-487B-9DFA-F88E58C09A87}
		{6409E93C-888B-40D9-BFC3-A2AA8E9330B5} = {F836AD65-6FA9-487B-9DFA-F88E58C09A87}
		{D15389D9-AD11-4877-B130-9EDD0C5D2790} = {F836AD65-6FA9-487B-9DFA-F88E58C09A87}
		{07308F3E-7D78-4E19-A98B-CC1EDB6E8644} = {F836AD65-6FA9-487B-9DFA-F88E58C09A87}
		{D8D1DD36-685D-4B55-9D91-0B65D07FA04E} = {FF9309D7-BA3D-4BC0-A487-3D20AA566838}
		{4BCEE20A-9B50-4071-878D-B964CD8523DB} = {27484BCD-7E08-4554-BDC5-8FF1331346C9}
		{C9E324F7-9757-4F96-8079-52072A322805} = {A9F48762-387E-4D1D-A610-A147FEE8F709}
		{4D68707E-6AB5-4716-86B8-3A1AF3893562} = {6409E93C-888B-40D9-BFC3-A2AA8E9330B5}
		{29C0635C-EF7C-46CE-A318-69A2C5C4A5E6} = {6409E93C-888B-40D9-BFC3-A2AA8E9330B5}
		{3DB04B8A-7FF4-42A1-8140-29E6BAB70A44} = {D15389D9-AD11-4877-B130-9EDD0C5D2790}
		{4212371D-B79B-4961-A868-BD8A95351449} = {07308F3E-7D78-4E19-A98B-CC1EDB6E8644}
	EndGlobalSection
	GlobalSection(ExtensibilityGlobals) = postSolution
		SolutionGuid = {9C2393A8-C0F2-499C-B803-F63A421A359F}
	EndGlobalSection
EndGlobal
